<?xml version="1.0" encoding="utf-8"?>
<Project ToolsVersion="17.0" xmlns="http://schemas.microsoft.com/developer/msbuild/2003">
  <ItemGroup>
    <ClCompile Include="C:\Users\snowm\Desktop\VSCode\RebelSUITE\RebelCAD\src\simulation\FEASystemSimpleTest.cpp">
      <Filter>Source Files</Filter>
    </ClCompile>
  </ItemGroup>
  <ItemGroup>
    <CustomBuild Include="C:\Users\snowm\Desktop\VSCode\RebelSUITE\RebelCAD\src\simulation\CMakeLists.txt" />
  </ItemGroup>
  <ItemGroup>
    <Filter Include="Source Files">
      <UniqueIdentifier>{E5FA054B-AF2B-3EBF-BA59-561F113C101B}</UniqueIdentifier>
    </Filter>
  </ItemGroup>
</Project>
