<?xml version="1.0" encoding="utf-8"?>
<Project ToolsVersion="17.0" xmlns="http://schemas.microsoft.com/developer/msbuild/2003">
  <ItemGroup>
    <CustomBuild Include="C:\Users\snowm\Desktop\VSCode\RebelSUITE\RebelCAD\build_simulation\CMakeFiles\6f9f56cbadbdd059e9e4bae5936d26d2\INSTALL_force.rule">
      <Filter>CMake Rules</Filter>
    </CustomBuild>
  </ItemGroup>
  <ItemGroup>
    <Filter Include="CMake Rules">
      <UniqueIdentifier>{8482A686-75C1-3C07-8D67-9C70B2828EFD}</UniqueIdentifier>
    </Filter>
  </ItemGroup>
</Project>
