<?xml version="1.0" encoding="utf-8"?>
<Project ToolsVersion="17.0" xmlns="http://schemas.microsoft.com/developer/msbuild/2003">
  <ItemGroup>
    <CustomBuild Include="C:\Users\snowm\Desktop\VSCode\RebelSUITE\RebelCAD\build_new\CMakeFiles\5518bec5b8f9f2ff488a25df6ab2cfec\INSTALL_force.rule">
      <Filter>CMake Rules</Filter>
    </CustomBuild>
  </ItemGroup>
  <ItemGroup>
    <Filter Include="CMake Rules">
      <UniqueIdentifier>{DA542769-7D05-3D8C-811B-66D2792FA080}</UniqueIdentifier>
    </Filter>
  </ItemGroup>
</Project>
